Microsoft Visual Studio Solution File, Format Version 11.00
# Visual Studio 2008

Project("{16DCFE47-B5BF-F503-A728-837B982A0F5D}") = "Lukac", "Assembly-CSharp-firstpass.csproj", "{8390F2A8-B0F4-2FA6-6E16-7ADA6E4E4D76}"
EndProject
Project("{16DCFE47-B5BF-F503-A728-837B982A0F5D}") = "Lukac", "Assembly-CSharp.csproj", "{29680381-FA96-3E3B-513F-014D0C8E73D3}"
EndProject
Project("{16DCFE47-B5BF-F503-A728-837B982A0F5D}") = "Lukac", "Assembly-CSharp-Editor-firstpass.csproj", "{7A6968B8-AA8A-402A-3F97-8753E27059EF}"
EndProject
Global
	GlobalSection(SolutionConfigurationPlatforms) = preSolution
		Debug|Any CPU = Debug|Any CPU
		Release|Any CPU = Release|Any CPU
	EndGlobalSection
	GlobalSection(ProjectConfigurationPlatforms) = postSolution
		{8390F2A8-B0F4-2FA6-6E16-7ADA6E4E4D76}.Debug|Any CPU.ActiveCfg = Debug|Any CPU
		{8390F2A8-B0F4-2FA6-6E16-7ADA6E4E4D76}.Debug|Any CPU.Build.0 = Debug|Any CPU
		{8390F2A8-B0F4-2FA6-6E16-7ADA6E4E4D76}.Release|Any CPU.ActiveCfg = Release|Any CPU
		{8390F2A8-B0F4-2FA6-6E16-7ADA6E4E4D76}.Release|Any CPU.Build.0 = Release|Any CPU
		{29680381-FA96-3E3B-513F-014D0C8E73D3}.Debug|Any CPU.ActiveCfg = Debug|Any CPU
		{29680381-FA96-3E3B-513F-014D0C8E73D3}.Debug|Any CPU.Build.0 = Debug|Any CPU
		{29680381-FA96-3E3B-513F-014D0C8E73D3}.Release|Any CPU.ActiveCfg = Release|Any CPU
		{29680381-FA96-3E3B-513F-014D0C8E73D3}.Release|Any CPU.Build.0 = Release|Any CPU
		{7A6968B8-AA8A-402A-3F97-8753E27059EF}.Debug|Any CPU.ActiveCfg = Debug|Any CPU
		{7A6968B8-AA8A-402A-3F97-8753E27059EF}.Debug|Any CPU.Build.0 = Debug|Any CPU
		{7A6968B8-AA8A-402A-3F97-8753E27059EF}.Release|Any CPU.ActiveCfg = Release|Any CPU
		{7A6968B8-AA8A-402A-3F97-8753E27059EF}.Release|Any CPU.Build.0 = Release|Any CPU
	EndGlobalSection
	GlobalSection(SolutionProperties) = preSolution
		HideSolutionNode = FALSE
	EndGlobalSection
	GlobalSection(MonoDevelopProperties) = preSolution
		StartupItem = Assembly-CSharp.csproj
	EndGlobalSection
EndGlobal
